
Microsoft Visual Studio Solution File, Format Version 12.00
# Visual Studio Version 17
VisualStudioVersion = 17.1.32228.430
MinimumVisualStudioVersion = 10.0.40219.1
Project("{FAE04EC0-301F-11D3-BF4B-00C04F79EFBC}") = "ProyectoMaquinaLibro", "ProyectoMaquinaLibro\ProyectoMaquinaLibro.csproj", "{AB2C9A3D-0771-4C42-9C1C-5DC9F777BD78}"
EndProject
Global
	GlobalSection(SolutionConfigurationPlatforms) = preSolution
		Debug|Any CPU = Debug|Any CPU
		Release|Any CPU = Release|Any CPU
	EndGlobalSection
	GlobalSection(ProjectConfigurationPlatforms) = postSolution
		{AB2C9A3D-0771-4C42-9C1C-5DC9F777BD78}.Debug|Any CPU.ActiveCfg = Debug|Any CPU
		{AB2C9A3D-0771-4C42-9C1C-5DC9F777BD78}.Debug|Any CPU.Build.0 = Debug|Any CPU
		{AB2C9A3D-0771-4C42-9C1C-5DC9F777BD78}.Release|Any CPU.ActiveCfg = Release|Any CPU
		{AB2C9A3D-0771-4C42-9C1C-5DC9F777BD78}.Release|Any CPU.Build.0 = Release|Any CPU
	EndGlobalSection
	GlobalSection(SolutionProperties) = preSolution
		HideSolutionNode = FALSE
	EndGlobalSection
	GlobalSection(ExtensibilityGlobals) = postSolution
		SolutionGuid = {BC58D73D-332A-4DB4-98C4-991E8D038962}
	EndGlobalSection
EndGlobal
